
Microsoft Visual Studio Solution File, Format Version 12.00
# Visual Studio Version 17
VisualStudioVersion = 17.4.33122.133
MinimumVisualStudioVersion = 10.0.40219.1
Project("{54A90642-561A-4BB1-A94E-469ADEE60C69}") = "USAble_Burger_vue_project", "vueproject1\USAble_Burger_vue_project.esproj", "{C55786F0-59C5-43E7-9E6B-1D49B1B8CA5C}"
EndProject
Global
	GlobalSection(SolutionConfigurationPlatforms) = preSolution
		Debug|Any CPU = Debug|Any CPU
		Release|Any CPU = Release|Any CPU
	EndGlobalSection
	GlobalSection(ProjectConfigurationPlatforms) = postSolution
		{C55786F0-59C5-43E7-9E6B-1D49B1B8CA5C}.Debug|Any CPU.ActiveCfg = Debug|Any CPU
		{C55786F0-59C5-43E7-9E6B-1D49B1B8CA5C}.Debug|Any CPU.Build.0 = Debug|Any CPU
		{C55786F0-59C5-43E7-9E6B-1D49B1B8CA5C}.Debug|Any CPU.Deploy.0 = Debug|Any CPU
		{C55786F0-59C5-43E7-9E6B-1D49B1B8CA5C}.Release|Any CPU.ActiveCfg = Release|Any CPU
		{C55786F0-59C5-43E7-9E6B-1D49B1B8CA5C}.Release|Any CPU.Build.0 = Release|Any CPU
		{C55786F0-59C5-43E7-9E6B-1D49B1B8CA5C}.Release|Any CPU.Deploy.0 = Release|Any CPU
	EndGlobalSection
	GlobalSection(SolutionProperties) = preSolution
		HideSolutionNode = FALSE
	EndGlobalSection
	GlobalSection(ExtensibilityGlobals) = postSolution
		SolutionGuid = {BE14E778-6403-4F93-BDB5-0244EE6C2BE5}
	EndGlobalSection
EndGlobal
